{
  "name": "netlog",
  "version": "1.0.0",
  "lockfileVersion": 1,
  "requires": true,
  "dependencies": {
    "@quictools/qlog-schema": {
      "version": "0.0.16",
      "resolved": "https://registry.npmjs.org/@quictools/qlog-schema/-/qlog-schema-0.0.16.tgz",
      "integrity": "sha512-TQU3WxcF3fQGq8KS72h/x0gRRnBviQq/5OZi76TElASZtF9WUo7TA3Vydnoehmle4377YDRarPqLweI5kWjh9A=="
    },
    "@types/argparse": {
      "version": "2.0.0",
      "resolved": "https://registry.npmjs.org/@types/argparse/-/argparse-2.0.0.tgz",
      "integrity": "sha512-FFW98gJUgUWGq7ZMd0gJmNRoOPqAaq9oiNqfc/RM6+C5BZKHHuHTwvlU5hrOULIXEfZz3rhw9jakwYe6cqNv3Q=="
    },
    "@types/node": {
      "version": "14.6.2",
      "resolved": "https://registry.npmjs.org/@types/node/-/node-14.6.2.tgz",
      "integrity": "sha512-onlIwbaeqvZyniGPfdw/TEhKIh79pz66L1q06WUQqJLnAb6wbjvOtepLYTGHTqzdXgBYIE3ZdmqHDGsRsbBz7A=="
    },
    "argparse": {
      "version": "2.0.1",
      "resolved": "https://registry.npmjs.org/argparse/-/argparse-2.0.1.tgz",
      "integrity": "sha512-8+9WqebbFzpX9OR+Wa6O29asIogeRMzcGtAINdpMHHyAg10f05aSFVBbcEqGf/PXw1EjAZ+q2/bEBg3DvurK3Q=="
    }
  }
}
